
Microsoft Visual Studio Solution File, Format Version 12.00
# Visual Studio Version 17
VisualStudioVersion = 17.2.32630.192
MinimumVisualStudioVersion = 10.0.40219.1
Project("{FAE04EC0-301F-11D3-BF4B-00C04F79EFBC}") = "Clase28A", "Clase28A\Clase28A.csproj", "{793060CD-ADF5-48D0-932C-B9C4EE35075B}"
EndProject
Global
	GlobalSection(SolutionConfigurationPlatforms) = preSolution
		Debug|Any CPU = Debug|Any CPU
		Release|Any CPU = Release|Any CPU
	EndGlobalSection
	GlobalSection(ProjectConfigurationPlatforms) = postSolution
		{793060CD-ADF5-48D0-932C-B9C4EE35075B}.Debug|Any CPU.ActiveCfg = Debug|Any CPU
		{793060CD-ADF5-48D0-932C-B9C4EE35075B}.Debug|Any CPU.Build.0 = Debug|Any CPU
		{793060CD-ADF5-48D0-932C-B9C4EE35075B}.Release|Any CPU.ActiveCfg = Release|Any CPU
		{793060CD-ADF5-48D0-932C-B9C4EE35075B}.Release|Any CPU.Build.0 = Release|Any CPU
	EndGlobalSection
	GlobalSection(SolutionProperties) = preSolution
		HideSolutionNode = FALSE
	EndGlobalSection
	GlobalSection(ExtensibilityGlobals) = postSolution
		SolutionGuid = {E12D88B9-0E12-449E-9AC7-2E9549E62FDA}
	EndGlobalSection
EndGlobal
